// !$*UTF8*$!
{
	archiveVersion = 1;
	classes = {
	};
	objectVersion = 77;
	objects = {

/* Begin PBXBuildFile section */
		8E49814C2D98B0CD0017127C /* FirebaseAnalytics in Frameworks */ = {isa = PBXBuildFile; productRef = 8E49814B2D98B0CD0017127C /* FirebaseAnalytics */; };
		8E49814E2D98B0CD0017127C /* FirebaseAuth in Frameworks */ = {isa = PBXBuildFile; productRef = 8E49814D2D98B0CD0017127C /* FirebaseAuth */; };
		8E4981502D98B0CD0017127C /* FirebaseFirestore in Frameworks */ = {isa = PBXBuildFile; productRef = 8E49814F2D98B0CD0017127C /* FirebaseFirestore */; };
		8E4981522D98B0CD0017127C /* FirebaseStorage in Frameworks */ = {isa = PBXBuildFile; productRef = 8E4981512D98B0CD0017127C /* FirebaseStorage */; };
/* End PBXBuildFile section */

/* Begin PBXContainerItemProxy section */
		8E49811D2D989EC50017127C /* PBXContainerItemProxy */ = {
			isa = PBXContainerItemProxy;
			containerPortal = 8E4981042D989EC30017127C /* Project object */;
			proxyType = 1;
			remoteGlobalIDString = 8E49810B2D989EC30017127C;
			remoteInfo = Swappi;
		};
		8E4981272D989EC60017127C /* PBXContainerItemProxy */ = {
			isa = PBXContainerItemProxy;
			containerPortal = 8E4981042D989EC30017127C /* Project object */;
			proxyType = 1;
			remoteGlobalIDString = 8E49810B2D989EC30017127C;
			remoteInfo = Swappi;
		};
/* End PBXContainerItemProxy section */

/* Begin PBXFileReference section */
		8E49810C2D989EC30017127C /* Swappi.app */ = {isa = PBXFileReference; explicitFileType = wrapper.application; includeInIndex = 0; path = Swappi.app; sourceTree = BUILT_PRODUCTS_DIR; };
		8E49811C2D989EC50017127C /* SwappiTests.xctest */ = {isa = PBXFileReference; explicitFileType = wrapper.cfbundle; includeInIndex = 0; path = SwappiTests.xctest; sourceTree = BUILT_PRODUCTS_DIR; };
		8E4981262D989EC60017127C /* SwappiUITests.xctest */ = {isa = PBXFileReference; explicitFileType = wrapper.cfbundle; includeInIndex = 0; path = SwappiUITests.xctest; sourceTree = BUILT_PRODUCTS_DIR; };
/* End PBXFileReference section */

/* Begin PBXFileSystemSynchronizedRootGroup section */
		8E49810E2D989EC30017127C /* Swappi */ = {
			isa = PBXFileSystemSynchronizedRootGroup;
			path = Swappi;
			sourceTree = "<group>";
		};
		8E49811F2D989EC50017127C /* SwappiTests */ = {
			isa = PBXFileSystemSynchronizedRootGroup;
			path = SwappiTests;
			sourceTree = "<group>";
		};
		8E4981292D989EC60017127C /* SwappiUITests */ = {
			isa = PBXFileSystemSynchronizedRootGroup;
			path = SwappiUITests;
			sourceTree = "<group>";
		};
/* End PBXFileSystemSynchronizedRootGroup section */

/* Begin PBXFrameworksBuildPhase section */
		8E4981092D989EC30017127C /* Frameworks */ = {
			isa = PBXFrameworksBuildPhase;
			buildActionMask = 2147483647;
			files = (
				8E49814C2D98B0CD0017127C /* FirebaseAnalytics in Frameworks */,
				8E4981522D98B0CD0017127C /* FirebaseStorage in Frameworks */,
				8E49814E2D98B0CD0017127C /* FirebaseAuth in Frameworks */,
				8E4981502D98B0CD0017127C /* FirebaseFirestore in Frameworks */,
			);
			runOnlyForDeploymentPostprocessing = 0;
		};
		8E4981192D989EC50017127C /* Frameworks */ = {
			isa = PBXFrameworksBuildPhase;
			buildActionMask = 2147483647;
			files = (
			);
			runOnlyForDeploymentPostprocessing = 0;
		};
		8E4981232D989EC60017127C /* Frameworks */ = {
			isa = PBXFrameworksBuildPhase;
			buildActionMask = 2147483647;
			files = (
			);
			runOnlyForDeploymentPostprocessing = 0;
		};
/* End PBXFrameworksBuildPhase section */

/* Begin PBXGroup section */
		8E4981032D989EC30017127C = {
			isa = PBXGroup;
			children = (
				8E49810E2D989EC30017127C /* Swappi */,
				8E49811F2D989EC50017127C /* SwappiTests */,
				8E4981292D989EC60017127C /* SwappiUITests */,
				8E49810D2D989EC30017127C /* Products */,
			);
			sourceTree = "<group>";
		};
		8E49810D2D989EC30017127C /* Products */ = {
			isa = PBXGroup;
			children = (
				8E49810C2D989EC30017127C /* Swappi.app */,
				8E49811C2D989EC50017127C /* SwappiTests.xctest */,
				8E4981262D989EC60017127C /* SwappiUITests.xctest */,
			);
			name = Products;
			sourceTree = "<group>";
		};
/* End PBXGroup section */

/* Begin PBXNativeTarget section */
		8E49810B2D989EC30017127C /* Swappi */ = {
			isa = PBXNativeTarget;
			buildConfigurationList = 8E4981302D989EC60017127C /* Build configuration list for PBXNativeTarget "Swappi" */;
			buildPhases = (
				8E4981082D989EC30017127C /* Sources */,
				8E4981092D989EC30017127C /* Frameworks */,
				8E49810A2D989EC30017127C /* Resources */,
			);
			buildRules = (
			);
			dependencies = (
			);
			fileSystemSynchronizedGroups = (
				8E49810E2D989EC30017127C /* Swappi */,
			);
			name = Swappi;
			packageProductDependencies = (
				8E49814B2D98B0CD0017127C /* FirebaseAnalytics */,
				8E49814D2D98B0CD0017127C /* FirebaseAuth */,
				8E49814F2D98B0CD0017127C /* FirebaseFirestore */,
				8E4981512D98B0CD0017127C /* FirebaseStorage */,
			);
			productName = Swappi;
			productReference = 8E49810C2D989EC30017127C /* Swappi.app */;
			productType = "com.apple.product-type.application";
		};
		8E49811B2D989EC50017127C /* SwappiTests */ = {
			isa = PBXNativeTarget;
			buildConfigurationList = 8E4981332D989EC60017127C /* Build configuration list for PBXNativeTarget "SwappiTests" */;
			buildPhases = (
				8E4981182D989EC50017127C /* Sources */,
				8E4981192D989EC50017127C /* Frameworks */,
				8E49811A2D989EC50017127C /* Resources */,
			);
			buildRules = (
			);
			dependencies = (
				8E49811E2D989EC50017127C /* PBXTargetDependency */,
			);
			fileSystemSynchronizedGroups = (
				8E49811F2D989EC50017127C /* SwappiTests */,
			);
			name = SwappiTests;
			packageProductDependencies = (
			);
			productName = SwappiTests;
			productReference = 8E49811C2D989EC50017127C /* SwappiTests.xctest */;
			productType = "com.apple.product-type.bundle.unit-test";
		};
		8E4981252D989EC60017127C /* SwappiUITests */ = {
			isa = PBXNativeTarget;
			buildConfigurationList = 8E4981362D989EC60017127C /* Build configuration list for PBXNativeTarget "SwappiUITests" */;
			buildPhases = (
				8E4981222D989EC60017127C /* Sources */,
				8E4981232D989EC60017127C /* Frameworks */,
				8E4981242D989EC60017127C /* Resources */,
			);
			buildRules = (
			);
			dependencies = (
				8E4981282D989EC60017127C /* PBXTargetDependency */,
			);
			fileSystemSynchronizedGroups = (
				8E4981292D989EC60017127C /* SwappiUITests */,
			);
			name = SwappiUITests;
			packageProductDependencies = (
			);
			productName = SwappiUITests;
			productReference = 8E4981262D989EC60017127C /* SwappiUITests.xctest */;
			productType = "com.apple.product-type.bundle.ui-testing";
		};
/* End PBXNativeTarget section */

/* Begin PBXProject section */
		8E4981042D989EC30017127C /* Project object */ = {
			isa = PBXProject;
			attributes = {
				BuildIndependentTargetsInParallel = 1;
				LastSwiftUpdateCheck = 1620;
				LastUpgradeCheck = 1620;
				TargetAttributes = {
					8E49810B2D989EC30017127C = {
						CreatedOnToolsVersion = 16.2;
					};
					8E49811B2D989EC50017127C = {
						CreatedOnToolsVersion = 16.2;
						TestTargetID = 8E49810B2D989EC30017127C;
					};
					8E4981252D989EC60017127C = {
						CreatedOnToolsVersion = 16.2;
						TestTargetID = 8E49810B2D989EC30017127C;
					};
				};
			};
			buildConfigurationList = 8E4981072D989EC30017127C /* Build configuration list for PBXProject "Swappi" */;
			developmentRegion = en;
			hasScannedForEncodings = 0;
			knownRegions = (
				en,
				Base,
			);
			mainGroup = 8E4981032D989EC30017127C;
			minimizedProjectReferenceProxies = 1;
			packageReferences = (
				8E49814A2D98B0CD0017127C /* XCRemoteSwiftPackageReference "firebase-ios-sdk" */,
			);
			preferredProjectObjectVersion = 77;
			productRefGroup = 8E49810D2D989EC30017127C /* Products */;
			projectDirPath = "";
			projectRoot = "";
			targets = (
				8E49810B2D989EC30017127C /* Swappi */,
				8E49811B2D989EC50017127C /* SwappiTests */,
				8E4981252D989EC60017127C /* SwappiUITests */,
			);
		};
/* End PBXProject section */

/* Begin PBXResourcesBuildPhase section */
		8E49810A2D989EC30017127C /* Resources */ = {
			isa = PBXResourcesBuildPhase;
			buildActionMask = 2147483647;
			files = (
			);
			runOnlyForDeploymentPostprocessing = 0;
		};
		8E49811A2D989EC50017127C /* Resources */ = {
			isa = PBXResourcesBuildPhase;
			buildActionMask = 2147483647;
			files = (
			);
			runOnlyForDeploymentPostprocessing = 0;
		};
		8E4981242D989EC60017127C /* Resources */ = {
			isa = PBXResourcesBuildPhase;
			buildActionMask = 2147483647;
			files = (
			);
			runOnlyForDeploymentPostprocessing = 0;
		};
/* End PBXResourcesBuildPhase section */

/* Begin PBXSourcesBuildPhase section */
		8E4981082D989EC30017127C /* Sources */ = {
			isa = PBXSourcesBuildPhase;
			buildActionMask = 2147483647;
			files = (
			);
			runOnlyForDeploymentPostprocessing = 0;
		};
		8E4981182D989EC50017127C /* Sources */ = {
			isa = PBXSourcesBuildPhase;
			buildActionMask = 2147483647;
			files = (
			);
			runOnlyForDeploymentPostprocessing = 0;
		};
		8E4981222D989EC60017127C /* Sources */ = {
			isa = PBXSourcesBuildPhase;
			buildActionMask = 2147483647;
			files = (
			);
			runOnlyForDeploymentPostprocessing = 0;
		};
/* End PBXSourcesBuildPhase section */

/* Begin PBXTargetDependency section */
		8E49811E2D989EC50017127C /* PBXTargetDependency */ = {
			isa = PBXTargetDependency;
			target = 8E49810B2D989EC30017127C /* Swappi */;
			targetProxy = 8E49811D2D989EC50017127C /* PBXContainerItemProxy */;
		};
		8E4981282D989EC60017127C /* PBXTargetDependency */ = {
			isa = PBXTargetDependency;
			target = 8E49810B2D989EC30017127C /* Swappi */;
			targetProxy = 8E4981272D989EC60017127C /* PBXContainerItemProxy */;
		};
/* End PBXTargetDependency section */

/* Begin XCBuildConfiguration section */
		8E49812E2D989EC60017127C /* Debug */ = {
			isa = XCBuildConfiguration;
			buildSettings = {
				ALWAYS_SEARCH_USER_PATHS = NO;
				ASSETCATALOG_COMPILER_GENERATE_SWIFT_ASSET_SYMBOL_EXTENSIONS = YES;
				CLANG_ANALYZER_NONNULL = YES;
				CLANG_ANALYZER_NUMBER_OBJECT_CONVERSION = YES_AGGRESSIVE;
				CLANG_CXX_LANGUAGE_STANDARD = "gnu++20";
				CLANG_ENABLE_MODULES = YES;
				CLANG_ENABLE_OBJC_ARC = YES;
				CLANG_ENABLE_OBJC_WEAK = YES;
				CLANG_WARN_BLOCK_CAPTURE_AUTORELEASING = YES;
				CLANG_WARN_BOOL_CONVERSION = YES;
				CLANG_WARN_COMMA = YES;
				CLANG_WARN_CONSTANT_CONVERSION = YES;
				CLANG_WARN_DEPRECATED_OBJC_IMPLEMENTATIONS = YES;
				CLANG_WARN_DIRECT_OBJC_ISA_USAGE = YES_ERROR;
				CLANG_WARN_DOCUMENTATION_COMMENTS = YES;
				CLANG_WARN_EMPTY_BODY = YES;
				CLANG_WARN_ENUM_CONVERSION = YES;
				CLANG_WARN_INFINITE_RECURSION = YES;
				CLANG_WARN_INT_CONVERSION = YES;
				CLANG_WARN_NON_LITERAL_NULL_CONVERSION = YES;
				CLANG_WARN_OBJC_IMPLICIT_RETAIN_SELF = YES;
				CLANG_WARN_OBJC_LITERAL_CONVERSION = YES;
				CLANG_WARN_OBJC_ROOT_CLASS = YES_ERROR;
				CLANG_WARN_QUOTED_INCLUDE_IN_FRAMEWORK_HEADER = YES;
				CLANG_WARN_RANGE_LOOP_ANALYSIS = YES;
				CLANG_WARN_STRICT_PROTOTYPES = YES;
				CLANG_WARN_SUSPICIOUS_MOVE = YES;
				CLANG_WARN_UNGUARDED_AVAILABILITY = YES_AGGRESSIVE;
				CLANG_WARN_UNREACHABLE_CODE = YES;
				CLANG_WARN__DUPLICATE_METHOD_MATCH = YES;
				COPY_PHASE_STRIP = NO;
				DEBUG_INFORMATION_FORMAT = dwarf;
				ENABLE_STRICT_OBJC_MSGSEND = YES;
				ENABLE_TESTABILITY = YES;
				ENABLE_USER_SCRIPT_SANDBOXING = YES;
				GCC_C_LANGUAGE_STANDARD = gnu17;
				GCC_DYNAMIC_NO_PIC = NO;
				GCC_NO_COMMON_BLOCKS = YES;
				GCC_OPTIMIZATION_LEVEL = 0;
				GCC_PREPROCESSOR_DEFINITIONS = (
					"DEBUG=1",
					"$(inherited)",
				);
				GCC_WARN_64_TO_32_BIT_CONVERSION = YES;
				GCC_WARN_ABOUT_RETURN_TYPE = YES_ERROR;
				GCC_WARN_UNDECLARED_SELECTOR = YES;
				GCC_WARN_UNINITIALIZED_AUTOS = YES_AGGRESSIVE;
				GCC_WARN_UNUSED_FUNCTION = YES;
				GCC_WARN_UNUSED_VARIABLE = YES;
				IPHONEOS_DEPLOYMENT_TARGET = 18.2;
				LOCALIZATION_PREFERS_STRING_CATALOGS = YES;
				MTL_ENABLE_DEBUG_INFO = INCLUDE_SOURCE;
				MTL_FAST_MATH = YES;
				ONLY_ACTIVE_ARCH = YES;
				SDKROOT = iphoneos;
				SWIFT_ACTIVE_COMPILATION_CONDITIONS = "DEBUG $(inherited)";
				SWIFT_OPTIMIZATION_LEVEL = "-Onone";
			};
			name = Debug;
		};
		8E49812F2D989EC60017127C /* Release */ = {
			isa = XCBuildConfiguration;
			buildSettings = {
				ALWAYS_SEARCH_USER_PATHS = NO;
				ASSETCATALOG_COMPILER_GENERATE_SWIFT_ASSET_SYMBOL_EXTENSIONS = YES;
				CLANG_ANALYZER_NONNULL = YES;
				CLANG_ANALYZER_NUMBER_OBJECT_CONVERSION = YES_AGGRESSIVE;
				CLANG_CXX_LANGUAGE_STANDARD = "gnu++20";
				CLANG_ENABLE_MODULES = YES;
				CLANG_ENABLE_OBJC_ARC = YES;
				CLANG_ENABLE_OBJC_WEAK = YES;
				CLANG_WARN_BLOCK_CAPTURE_AUTORELEASING = YES;
				CLANG_WARN_BOOL_CONVERSION = YES;
				CLANG_WARN_COMMA = YES;
				CLANG_WARN_CONSTANT_CONVERSION = YES;
				CLANG_WARN_DEPRECATED_OBJC_IMPLEMENTATIONS = YES;
				CLANG_WARN_DIRECT_OBJC_ISA_USAGE = YES_ERROR;
				CLANG_WARN_DOCUMENTATION_COMMENTS = YES;
				CLANG_WARN_EMPTY_BODY = YES;
				CLANG_WARN_ENUM_CONVERSION = YES;
				CLANG_WARN_INFINITE_RECURSION = YES;
				CLANG_WARN_INT_CONVERSION = YES;
				CLANG_WARN_NON_LITERAL_NULL_CONVERSION = YES;
				CLANG_WARN_OBJC_IMPLICIT_RETAIN_SELF = YES;
				CLANG_WARN_OBJC_LITERAL_CONVERSION = YES;
				CLANG_WARN_OBJC_ROOT_CLASS = YES_ERROR;
				CLANG_WARN_QUOTED_INCLUDE_IN_FRAMEWORK_HEADER = YES;
				CLANG_WARN_RANGE_LOOP_ANALYSIS = YES;
				CLANG_WARN_STRICT_PROTOTYPES = YES;
				CLANG_WARN_SUSPICIOUS_MOVE = YES;
				CLANG_WARN_UNGUARDED_AVAILABILITY = YES_AGGRESSIVE;
				CLANG_WARN_UNREACHABLE_CODE = YES;
				CLANG_WARN__DUPLICATE_METHOD_MATCH = YES;
				COPY_PHASE_STRIP = NO;
				DEBUG_INFORMATION_FORMAT = "dwarf-with-dsym";
				ENABLE_NS_ASSERTIONS = NO;
				ENABLE_STRICT_OBJC_MSGSEND = YES;
				ENABLE_USER_SCRIPT_SANDBOXING = YES;
				GCC_C_LANGUAGE_STANDARD = gnu17;
				GCC_NO_COMMON_BLOCKS = YES;
				GCC_WARN_64_TO_32_BIT_CONVERSION = YES;
				GCC_WARN_ABOUT_RETURN_TYPE = YES_ERROR;
				GCC_WARN_UNDECLARED_SELECTOR = YES;
				GCC_WARN_UNINITIALIZED_AUTOS = YES_AGGRESSIVE;
				GCC_WARN_UNUSED_FUNCTION = YES;
				GCC_WARN_UNUSED_VARIABLE = YES;
				IPHONEOS_DEPLOYMENT_TARGET = 18.2;
				LOCALIZATION_PREFERS_STRING_CATALOGS = YES;
				MTL_ENABLE_DEBUG_INFO = NO;
				MTL_FAST_MATH = YES;
				SDKROOT = iphoneos;
				SWIFT_COMPILATION_MODE = wholemodule;
				VALIDATE_PRODUCT = YES;
			};
			name = Release;
		};
		8E4981312D989EC60017127C /* Debug */ = {
			isa = XCBuildConfiguration;
			buildSettings = {
				ASSETCATALOG_COMPILER_APPICON_NAME = AppIcon;
				ASSETCATALOG_COMPILER_GLOBAL_ACCENT_COLOR_NAME = AccentColor;
				CODE_SIGN_STYLE = Automatic;
				CURRENT_PROJECT_VERSION = 1;
				DEVELOPMENT_ASSET_PATHS = "\"Swappi/Preview Content\"";
				ENABLE_PREVIEWS = YES;
				GENERATE_INFOPLIST_FILE = YES;
				INFOPLIST_KEY_UIApplicationSceneManifest_Generation = YES;
				INFOPLIST_KEY_UIApplicationSupportsIndirectInputEvents = YES;
				INFOPLIST_KEY_UILaunchScreen_Generation = YES;
				INFOPLIST_KEY_UISupportedInterfaceOrientations_iPad = "UIInterfaceOrientationPortrait UIInterfaceOrientationPortraitUpsideDown UIInterfaceOrientationLandscapeLeft UIInterfaceOrientationLandscapeRight";
				INFOPLIST_KEY_UISupportedInterfaceOrientations_iPhone = "UIInterfaceOrientationPortrait UIInterfaceOrientationLandscapeLeft UIInterfaceOrientationLandscapeRight";
				LD_RUNPATH_SEARCH_PATHS = (
					"$(inherited)",
					"@executable_path/Frameworks",
				);
				MARKETING_VERSION = 1.0;
				PRODUCT_BUNDLE_IDENTIFIER = com.vaishnavimahajan.Swappi;
				PRODUCT_NAME = "$(TARGET_NAME)";
				SWIFT_EMIT_LOC_STRINGS = YES;
				SWIFT_VERSION = 5.0;
				TARGETED_DEVICE_FAMILY = "1,2";
			};
			name = Debug;
		};
		8E4981322D989EC60017127C /* Release */ = {
			isa = XCBuildConfiguration;
			buildSettings = {
				ASSETCATALOG_COMPILER_APPICON_NAME = AppIcon;
				ASSETCATALOG_COMPILER_GLOBAL_ACCENT_COLOR_NAME = AccentColor;
				CODE_SIGN_STYLE = Automatic;
				CURRENT_PROJECT_VERSION = 1;
				DEVELOPMENT_ASSET_PATHS = "\"Swappi/Preview Content\"";
				ENABLE_PREVIEWS = YES;
				GENERATE_INFOPLIST_FILE = YES;
				INFOPLIST_KEY_UIApplicationSceneManifest_Generation = YES;
				INFOPLIST_KEY_UIApplicationSupportsIndirectInputEvents = YES;
				INFOPLIST_KEY_UILaunchScreen_Generation = YES;
				INFOPLIST_KEY_UISupportedInterfaceOrientations_iPad = "UIInterfaceOrientationPortrait UIInterfaceOrientationPortraitUpsideDown UIInterfaceOrientationLandscapeLeft UIInterfaceOrientationLandscapeRight";
				INFOPLIST_KEY_UISupportedInterfaceOrientations_iPhone = "UIInterfaceOrientationPortrait UIInterfaceOrientationLandscapeLeft UIInterfaceOrientationLandscapeRight";
				LD_RUNPATH_SEARCH_PATHS = (
					"$(inherited)",
					"@executable_path/Frameworks",
				);
				MARKETING_VERSION = 1.0;
				PRODUCT_BUNDLE_IDENTIFIER = com.vaishnavimahajan.Swappi;
				PRODUCT_NAME = "$(TARGET_NAME)";
				SWIFT_EMIT_LOC_STRINGS = YES;
				SWIFT_VERSION = 5.0;
				TARGETED_DEVICE_FAMILY = "1,2";
			};
			name = Release;
		};
		8E4981342D989EC60017127C /* Debug */ = {
			isa = XCBuildConfiguration;
			buildSettings = {
				BUNDLE_LOADER = "$(TEST_HOST)";
				CODE_SIGN_STYLE = Automatic;
				CURRENT_PROJECT_VERSION = 1;
				GENERATE_INFOPLIST_FILE = YES;
				IPHONEOS_DEPLOYMENT_TARGET = 18.2;
				MARKETING_VERSION = 1.0;
				PRODUCT_BUNDLE_IDENTIFIER = com.vaishnavimahajan.SwappiTests;
				PRODUCT_NAME = "$(TARGET_NAME)";
				SWIFT_EMIT_LOC_STRINGS = NO;
				SWIFT_VERSION = 5.0;
				TARGETED_DEVICE_FAMILY = "1,2";
				TEST_HOST = "$(BUILT_PRODUCTS_DIR)/Swappi.app/$(BUNDLE_EXECUTABLE_FOLDER_PATH)/Swappi";
			};
			name = Debug;
		};
		8E4981352D989EC60017127C /* Release */ = {
			isa = XCBuildConfiguration;
			buildSettings = {
				BUNDLE_LOADER = "$(TEST_HOST)";
				CODE_SIGN_STYLE = Automatic;
				CURRENT_PROJECT_VERSION = 1;
				GENERATE_INFOPLIST_FILE = YES;
				IPHONEOS_DEPLOYMENT_TARGET = 18.2;
				MARKETING_VERSION = 1.0;
				PRODUCT_BUNDLE_IDENTIFIER = com.vaishnavimahajan.SwappiTests;
				PRODUCT_NAME = "$(TARGET_NAME)";
				SWIFT_EMIT_LOC_STRINGS = NO;
				SWIFT_VERSION = 5.0;
				TARGETED_DEVICE_FAMILY = "1,2";
				TEST_HOST = "$(BUILT_PRODUCTS_DIR)/Swappi.app/$(BUNDLE_EXECUTABLE_FOLDER_PATH)/Swappi";
			};
			name = Release;
		};
		8E4981372D989EC60017127C /* Debug */ = {
			isa = XCBuildConfiguration;
			buildSettings = {
				CODE_SIGN_STYLE = Automatic;
				CURRENT_PROJECT_VERSION = 1;
				GENERATE_INFOPLIST_FILE = YES;
				MARKETING_VERSION = 1.0;
				PRODUCT_BUNDLE_IDENTIFIER = com.vaishnavimahajan.SwappiUITests;
				PRODUCT_NAME = "$(TARGET_NAME)";
				SWIFT_EMIT_LOC_STRINGS = NO;
				SWIFT_VERSION = 5.0;
				TARGETED_DEVICE_FAMILY = "1,2";
				TEST_TARGET_NAME = Swappi;
			};
			name = Debug;
		};
		8E4981382D989EC60017127C /* Release */ = {
			isa = XCBuildConfiguration;
			buildSettings = {
				CODE_SIGN_STYLE = Automatic;
				CURRENT_PROJECT_VERSION = 1;
				GENERATE_INFOPLIST_FILE = YES;
				MARKETING_VERSION = 1.0;
				PRODUCT_BUNDLE_IDENTIFIER = com.vaishnavimahajan.SwappiUITests;
				PRODUCT_NAME = "$(TARGET_NAME)";
				SWIFT_EMIT_LOC_STRINGS = NO;
				SWIFT_VERSION = 5.0;
				TARGETED_DEVICE_FAMILY = "1,2";
				TEST_TARGET_NAME = Swappi;
			};
			name = Release;
		};
/* End XCBuildConfiguration section */

/* Begin XCConfigurationList section */
		8E4981072D989EC30017127C /* Build configuration list for PBXProject "Swappi" */ = {
			isa = XCConfigurationList;
			buildConfigurations = (
				8E49812E2D989EC60017127C /* Debug */,
				8E49812F2D989EC60017127C /* Release */,
			);
			defaultConfigurationIsVisible = 0;
			defaultConfigurationName = Release;
		};
		8E4981302D989EC60017127C /* Build configuration list for PBXNativeTarget "Swappi" */ = {
			isa = XCConfigurationList;
			buildConfigurations = (
				8E4981312D989EC60017127C /* Debug */,
				8E4981322D989EC60017127C /* Release */,
			);
			defaultConfigurationIsVisible = 0;
			defaultConfigurationName = Release;
		};
		8E4981332D989EC60017127C /* Build configuration list for PBXNativeTarget "SwappiTests" */ = {
			isa = XCConfigurationList;
			buildConfigurations = (
				8E4981342D989EC60017127C /* Debug */,
				8E4981352D989EC60017127C /* Release */,
			);
			defaultConfigurationIsVisible = 0;
			defaultConfigurationName = Release;
		};
		8E4981362D989EC60017127C /* Build configuration list for PBXNativeTarget "SwappiUITests" */ = {
			isa = XCConfigurationList;
			buildConfigurations = (
				8E4981372D989EC60017127C /* Debug */,
				8E4981382D989EC60017127C /* Release */,
			);
			defaultConfigurationIsVisible = 0;
			defaultConfigurationName = Release;
		};
/* End XCConfigurationList section */

/* Begin XCRemoteSwiftPackageReference section */
		8E49814A2D98B0CD0017127C /* XCRemoteSwiftPackageReference "firebase-ios-sdk" */ = {
			isa = XCRemoteSwiftPackageReference;
			repositoryURL = "https://github.com/firebase/firebase-ios-sdk";
			requirement = {
				kind = upToNextMajorVersion;
				minimumVersion = 11.10.0;
			};
		};
/* End XCRemoteSwiftPackageReference section */

/* Begin XCSwiftPackageProductDependency section */
		8E49814B2D98B0CD0017127C /* FirebaseAnalytics */ = {
			isa = XCSwiftPackageProductDependency;
			package = 8E49814A2D98B0CD0017127C /* XCRemoteSwiftPackageReference "firebase-ios-sdk" */;
			productName = FirebaseAnalytics;
		};
		8E49814D2D98B0CD0017127C /* FirebaseAuth */ = {
			isa = XCSwiftPackageProductDependency;
			package = 8E49814A2D98B0CD0017127C /* XCRemoteSwiftPackageReference "firebase-ios-sdk" */;
			productName = FirebaseAuth;
		};
		8E49814F2D98B0CD0017127C /* FirebaseFirestore */ = {
			isa = XCSwiftPackageProductDependency;
			package = 8E49814A2D98B0CD0017127C /* XCRemoteSwiftPackageReference "firebase-ios-sdk" */;
			productName = FirebaseFirestore;
		};
		8E4981512D98B0CD0017127C /* FirebaseStorage */ = {
			isa = XCSwiftPackageProductDependency;
			package = 8E49814A2D98B0CD0017127C /* XCRemoteSwiftPackageReference "firebase-ios-sdk" */;
			productName = FirebaseStorage;
		};
/* End XCSwiftPackageProductDependency section */
	};
	rootObject = 8E4981042D989EC30017127C /* Project object */;
}
